{
  "name": "gestion-pation",
  "version": "1.0.0",
  "lockfileVersion": 3,
  "requires": true,
  "packages": {
    "": {
      "name": "gestion-pation",
      "version": "1.0.0",
      "license": "ISC",
      "dependencies": {
        "gestion-pation": "file:"
      }
    },
    "node_modules/gestion-pation": {
      "resolved": "",
      "link": true
    }
  }
}
